
Microsoft Visual Studio Solution File, Format Version 12.00
# Visual Studio Version 17
VisualStudioVersion = 17.3.32929.385
MinimumVisualStudioVersion = 10.0.40219.1
Project("{8BC9CEB8-8B4A-11D0-8D11-00A0C91BC942}") = "Program 13", "Program 13\Program 13.vcxproj", "{1D28BC45-428F-46A0-A5B8-FAA6DF028F50}"
EndProject
Global
	GlobalSection(SolutionConfigurationPlatforms) = preSolution
		Debug|x64 = Debug|x64
		Debug|x86 = Debug|x86
		Release|x64 = Release|x64
		Release|x86 = Release|x86
	EndGlobalSection
	GlobalSection(ProjectConfigurationPlatforms) = postSolution
		{1D28BC45-428F-46A0-A5B8-FAA6DF028F50}.Debug|x64.ActiveCfg = Debug|x64
		{1D28BC45-428F-46A0-A5B8-FAA6DF028F50}.Debug|x64.Build.0 = Debug|x64
		{1D28BC45-428F-46A0-A5B8-FAA6DF028F50}.Debug|x86.ActiveCfg = Debug|Win32
		{1D28BC45-428F-46A0-A5B8-FAA6DF028F50}.Debug|x86.Build.0 = Debug|Win32
		{1D28BC45-428F-46A0-A5B8-FAA6DF028F50}.Release|x64.ActiveCfg = Release|x64
		{1D28BC45-428F-46A0-A5B8-FAA6DF028F50}.Release|x64.Build.0 = Release|x64
		{1D28BC45-428F-46A0-A5B8-FAA6DF028F50}.Release|x86.ActiveCfg = Release|Win32
		{1D28BC45-428F-46A0-A5B8-FAA6DF028F50}.Release|x86.Build.0 = Release|Win32
	EndGlobalSection
	GlobalSection(SolutionProperties) = preSolution
		HideSolutionNode = FALSE
	EndGlobalSection
	GlobalSection(ExtensibilityGlobals) = postSolution
		SolutionGuid = {2908FD6D-1319-4D68-954A-1DEAF9C4D8B7}
	EndGlobalSection
EndGlobal
