
Microsoft Visual Studio Solution File, Format Version 12.00
# Visual Studio Version 17
VisualStudioVersion = 17.2.32516.85
MinimumVisualStudioVersion = 10.0.40219.1
Project("{8BC9CEB8-8B4A-11D0-8D11-00A0C91BC942}") = "Program 7", "Program 7\Program 7.vcxproj", "{99247CFA-A870-4022-9F57-C23BDCC5477F}"
EndProject
Global
	GlobalSection(SolutionConfigurationPlatforms) = preSolution
		Debug|x64 = Debug|x64
		Debug|x86 = Debug|x86
		Release|x64 = Release|x64
		Release|x86 = Release|x86
	EndGlobalSection
	GlobalSection(ProjectConfigurationPlatforms) = postSolution
		{99247CFA-A870-4022-9F57-C23BDCC5477F}.Debug|x64.ActiveCfg = Debug|x64
		{99247CFA-A870-4022-9F57-C23BDCC5477F}.Debug|x64.Build.0 = Debug|x64
		{99247CFA-A870-4022-9F57-C23BDCC5477F}.Debug|x86.ActiveCfg = Debug|Win32
		{99247CFA-A870-4022-9F57-C23BDCC5477F}.Debug|x86.Build.0 = Debug|Win32
		{99247CFA-A870-4022-9F57-C23BDCC5477F}.Release|x64.ActiveCfg = Release|x64
		{99247CFA-A870-4022-9F57-C23BDCC5477F}.Release|x64.Build.0 = Release|x64
		{99247CFA-A870-4022-9F57-C23BDCC5477F}.Release|x86.ActiveCfg = Release|Win32
		{99247CFA-A870-4022-9F57-C23BDCC5477F}.Release|x86.Build.0 = Release|Win32
	EndGlobalSection
	GlobalSection(SolutionProperties) = preSolution
		HideSolutionNode = FALSE
	EndGlobalSection
	GlobalSection(ExtensibilityGlobals) = postSolution
		SolutionGuid = {8677C80C-5059-44C3-B296-43B10161010A}
	EndGlobalSection
EndGlobal
