
Microsoft Visual Studio Solution File, Format Version 12.00
# Visual Studio Version 17
VisualStudioVersion = 17.2.32516.85
MinimumVisualStudioVersion = 10.0.40219.1
Project("{8BC9CEB8-8B4A-11D0-8D11-00A0C91BC942}") = "Program 17", "Program 17\Program 17.vcxproj", "{8E78F8F5-3930-48B1-B0FE-479A0F125C47}"
EndProject
Global
	GlobalSection(SolutionConfigurationPlatforms) = preSolution
		Debug|x64 = Debug|x64
		Debug|x86 = Debug|x86
		Release|x64 = Release|x64
		Release|x86 = Release|x86
	EndGlobalSection
	GlobalSection(ProjectConfigurationPlatforms) = postSolution
		{8E78F8F5-3930-48B1-B0FE-479A0F125C47}.Debug|x64.ActiveCfg = Debug|x64
		{8E78F8F5-3930-48B1-B0FE-479A0F125C47}.Debug|x64.Build.0 = Debug|x64
		{8E78F8F5-3930-48B1-B0FE-479A0F125C47}.Debug|x86.ActiveCfg = Debug|Win32
		{8E78F8F5-3930-48B1-B0FE-479A0F125C47}.Debug|x86.Build.0 = Debug|Win32
		{8E78F8F5-3930-48B1-B0FE-479A0F125C47}.Release|x64.ActiveCfg = Release|x64
		{8E78F8F5-3930-48B1-B0FE-479A0F125C47}.Release|x64.Build.0 = Release|x64
		{8E78F8F5-3930-48B1-B0FE-479A0F125C47}.Release|x86.ActiveCfg = Release|Win32
		{8E78F8F5-3930-48B1-B0FE-479A0F125C47}.Release|x86.Build.0 = Release|Win32
	EndGlobalSection
	GlobalSection(SolutionProperties) = preSolution
		HideSolutionNode = FALSE
	EndGlobalSection
	GlobalSection(ExtensibilityGlobals) = postSolution
		SolutionGuid = {C0BE2A5B-C3CD-4937-B82F-18DB87667FD2}
	EndGlobalSection
EndGlobal
