
Microsoft Visual Studio Solution File, Format Version 12.00
# Visual Studio Version 17
VisualStudioVersion = 17.3.32929.385
MinimumVisualStudioVersion = 10.0.40219.1
Project("{8BC9CEB8-8B4A-11D0-8D11-00A0C91BC942}") = "Program 4", "Program 4\Program 4.vcxproj", "{AD92085A-123A-45A1-AA1F-5B829FBE4263}"
EndProject
Global
	GlobalSection(SolutionConfigurationPlatforms) = preSolution
		Debug|x64 = Debug|x64
		Debug|x86 = Debug|x86
		Release|x64 = Release|x64
		Release|x86 = Release|x86
	EndGlobalSection
	GlobalSection(ProjectConfigurationPlatforms) = postSolution
		{AD92085A-123A-45A1-AA1F-5B829FBE4263}.Debug|x64.ActiveCfg = Debug|x64
		{AD92085A-123A-45A1-AA1F-5B829FBE4263}.Debug|x64.Build.0 = Debug|x64
		{AD92085A-123A-45A1-AA1F-5B829FBE4263}.Debug|x86.ActiveCfg = Debug|Win32
		{AD92085A-123A-45A1-AA1F-5B829FBE4263}.Debug|x86.Build.0 = Debug|Win32
		{AD92085A-123A-45A1-AA1F-5B829FBE4263}.Release|x64.ActiveCfg = Release|x64
		{AD92085A-123A-45A1-AA1F-5B829FBE4263}.Release|x64.Build.0 = Release|x64
		{AD92085A-123A-45A1-AA1F-5B829FBE4263}.Release|x86.ActiveCfg = Release|Win32
		{AD92085A-123A-45A1-AA1F-5B829FBE4263}.Release|x86.Build.0 = Release|Win32
	EndGlobalSection
	GlobalSection(SolutionProperties) = preSolution
		HideSolutionNode = FALSE
	EndGlobalSection
	GlobalSection(ExtensibilityGlobals) = postSolution
		SolutionGuid = {5675349D-4606-45FD-A238-AB97E6FFFA52}
	EndGlobalSection
EndGlobal
